
Microsoft Visual Studio Solution File, Format Version 12.00
# Visual Studio Version 17
VisualStudioVersion = 17.14.36121.58
MinimumVisualStudioVersion = 10.0.40219.1
Project("{FAE04EC0-301F-11D3-BF4B-00C04F79EFBC}") = "WpfBlazor.MudTemplate", "WpfBlazor.MudTemplate\WpfBlazor.MudTemplate.csproj", "{E86E16FD-9087-4713-916F-0FEB23BE7ACF}"
EndProject
Project("{FAE04EC0-301F-11D3-BF4B-00C04F79EFBC}") = "RazorClassLibrary", "RazorClassLibrary\RazorClassLibrary.csproj", "{35A7B6F7-D694-4EF0-9331-9492C7ECA9EB}"
EndProject
Global
	GlobalSection(SolutionConfigurationPlatforms) = preSolution
		Debug|Any CPU = Debug|Any CPU
		Release|Any CPU = Release|Any CPU
	EndGlobalSection
	GlobalSection(ProjectConfigurationPlatforms) = postSolution
		{E86E16FD-9087-4713-916F-0FEB23BE7ACF}.Debug|Any CPU.ActiveCfg = Debug|Any CPU
		{E86E16FD-9087-4713-916F-0FEB23BE7ACF}.Debug|Any CPU.Build.0 = Debug|Any CPU
		{E86E16FD-9087-4713-916F-0FEB23BE7ACF}.Release|Any CPU.ActiveCfg = Release|Any CPU
		{E86E16FD-9087-4713-916F-0FEB23BE7ACF}.Release|Any CPU.Build.0 = Release|Any CPU
		{35A7B6F7-D694-4EF0-9331-9492C7ECA9EB}.Debug|Any CPU.ActiveCfg = Debug|Any CPU
		{35A7B6F7-D694-4EF0-9331-9492C7ECA9EB}.Debug|Any CPU.Build.0 = Debug|Any CPU
		{35A7B6F7-D694-4EF0-9331-9492C7ECA9EB}.Release|Any CPU.ActiveCfg = Release|Any CPU
		{35A7B6F7-D694-4EF0-9331-9492C7ECA9EB}.Release|Any CPU.Build.0 = Release|Any CPU
	EndGlobalSection
	GlobalSection(SolutionProperties) = preSolution
		HideSolutionNode = FALSE
	EndGlobalSection
	GlobalSection(ExtensibilityGlobals) = postSolution
		SolutionGuid = {F498FE68-7219-4D30-8F7B-5A7AB1DF852F}
	EndGlobalSection
EndGlobal
